
Microsoft Visual Studio Solution File, Format Version 12.00
# Visual Studio 15
VisualStudioVersion = 15.0.27703.2035
MinimumVisualStudioVersion = 10.0.40219.1
Project("{8BC9CEB8-8B4A-11D0-8D11-00A0C91BC942}") = "cleanQtProjects", "CleanQtProjects\cleanQtProjects.vcxproj", "{F8FBE52D-AAAB-337D-BD9E-73F1AC7E3576}"
EndProject
Project("{8BC9CEB8-8B4A-11D0-8D11-00A0C91BC942}") = "qtGameControllerModif", "StaticLibs\SOURCES\QtGameControllerModif\qtGameControllerModif.vcxproj", "{0CED9871-0CEA-3960-9E8E-8AD580FE74FE}"
EndProject
Project("{2150E333-8FDC-42A3-9474-1A3956D46DE8}") = "Dependencies", "Dependencies", "{3F00024D-638C-445F-95E5-E38E66AE2D07}"
EndProject
Project("{8BC9CEB8-8B4A-11D0-8D11-00A0C91BC942}") = "realJoysticks", "StaticLibs\SOURCES\RealJoysticks\realJoysticks.vcxproj", "{436DDC39-FCE4-353F-BB74-F2A4563C58B1}"
	ProjectSection(ProjectDependencies) = postProject
		{0CED9871-0CEA-3960-9E8E-8AD580FE74FE} = {0CED9871-0CEA-3960-9E8E-8AD580FE74FE}
	EndProjectSection
EndProject
Project("{8BC9CEB8-8B4A-11D0-8D11-00A0C91BC942}") = "virtualJoysticks", "StaticLibs\SOURCES\VirtualJoysticks\virtualJoysticks.vcxproj", "{93093011-30D1-3C25-8D92-C8A3A96020BA}"
EndProject
Project("{8BC9CEB8-8B4A-11D0-8D11-00A0C91BC942}") = "ujpsCore", "StaticLibs\SOURCES\UjpsCore\ujpsCore.vcxproj", "{C5986DA4-D4A1-3AC9-B720-86128D191DBE}"
	ProjectSection(ProjectDependencies) = postProject
		{93093011-30D1-3C25-8D92-C8A3A96020BA} = {93093011-30D1-3C25-8D92-C8A3A96020BA}
		{436DDC39-FCE4-353F-BB74-F2A4563C58B1} = {436DDC39-FCE4-353F-BB74-F2A4563C58B1}
	EndProjectSection
EndProject
Project("{8BC9CEB8-8B4A-11D0-8D11-00A0C91BC942}") = "logitechExtreme3D", "ControllersPlugins\SOURCES\LogitechExtreme3D\logitechExtreme3D.vcxproj", "{AC787E23-4E86-387C-8093-4DEFA808DCF9}"
	ProjectSection(ProjectDependencies) = postProject
		{436DDC39-FCE4-353F-BB74-F2A4563C58B1} = {436DDC39-FCE4-353F-BB74-F2A4563C58B1}
		{0CED9871-0CEA-3960-9E8E-8AD580FE74FE} = {0CED9871-0CEA-3960-9E8E-8AD580FE74FE}
	EndProjectSection
EndProject
Project("{8BC9CEB8-8B4A-11D0-8D11-00A0C91BC942}") = "mfgCrosswindRudderPedals", "ControllersPlugins\SOURCES\MfgCrosswindRudderPedals\mfgCrosswindRudderPedals.vcxproj", "{657CAC85-891F-3325-89F0-D1FE0F9E52F9}"
	ProjectSection(ProjectDependencies) = postProject
		{436DDC39-FCE4-353F-BB74-F2A4563C58B1} = {436DDC39-FCE4-353F-BB74-F2A4563C58B1}
		{0CED9871-0CEA-3960-9E8E-8AD580FE74FE} = {0CED9871-0CEA-3960-9E8E-8AD580FE74FE}
	EndProjectSection
EndProject
Project("{8BC9CEB8-8B4A-11D0-8D11-00A0C91BC942}") = "microsoftXbox360Controller", "ControllersPlugins\SOURCES\MicrosoftXbox360Controller\microsoftXbox360Controller.vcxproj", "{4A927388-E6AF-3265-A4E7-9C1A47249C2C}"
	ProjectSection(ProjectDependencies) = postProject
		{436DDC39-FCE4-353F-BB74-F2A4563C58B1} = {436DDC39-FCE4-353F-BB74-F2A4563C58B1}
		{0CED9871-0CEA-3960-9E8E-8AD580FE74FE} = {0CED9871-0CEA-3960-9E8E-8AD580FE74FE}
	EndProjectSection
EndProject
Project("{8BC9CEB8-8B4A-11D0-8D11-00A0C91BC942}") = "thrustmasterT16000MJoystick", "ControllersPlugins\SOURCES\ThrustmasterT16000MJoystick\thrustmasterT16000MJoystick.vcxproj", "{56726D07-5C6D-3759-B35A-1AAF944A1E6B}"
	ProjectSection(ProjectDependencies) = postProject
		{436DDC39-FCE4-353F-BB74-F2A4563C58B1} = {436DDC39-FCE4-353F-BB74-F2A4563C58B1}
		{0CED9871-0CEA-3960-9E8E-8AD580FE74FE} = {0CED9871-0CEA-3960-9E8E-8AD580FE74FE}
	EndProjectSection
EndProject
Project("{8BC9CEB8-8B4A-11D0-8D11-00A0C91BC942}") = "thrustmasterTwcsThrottle", "ControllersPlugins\SOURCES\ThrustmasterTwcsThrottle\thrustmasterTwcsThrottle.vcxproj", "{49984B56-9059-379D-A5E9-3C9C90C36A38}"
	ProjectSection(ProjectDependencies) = postProject
		{436DDC39-FCE4-353F-BB74-F2A4563C58B1} = {436DDC39-FCE4-353F-BB74-F2A4563C58B1}
		{0CED9871-0CEA-3960-9E8E-8AD580FE74FE} = {0CED9871-0CEA-3960-9E8E-8AD580FE74FE}
	EndProjectSection
EndProject
Project("{8BC9CEB8-8B4A-11D0-8D11-00A0C91BC942}") = "thrustmasterWarthogJoystick", "ControllersPlugins\SOURCES\ThrustmasterWarthogJoystick\thrustmasterWarthogJoystick.vcxproj", "{6B1621F0-E82E-3E5B-BB5A-72085A32DE55}"
	ProjectSection(ProjectDependencies) = postProject
		{436DDC39-FCE4-353F-BB74-F2A4563C58B1} = {436DDC39-FCE4-353F-BB74-F2A4563C58B1}
		{0CED9871-0CEA-3960-9E8E-8AD580FE74FE} = {0CED9871-0CEA-3960-9E8E-8AD580FE74FE}
	EndProjectSection
EndProject
Project("{8BC9CEB8-8B4A-11D0-8D11-00A0C91BC942}") = "thrustmasterWarthogThrottle", "ControllersPlugins\SOURCES\ThrustmasterWarthogThrottle\thrustmasterWarthogThrottle.vcxproj", "{C7A3354E-3890-355B-BD4B-EB834F62165B}"
	ProjectSection(ProjectDependencies) = postProject
		{436DDC39-FCE4-353F-BB74-F2A4563C58B1} = {436DDC39-FCE4-353F-BB74-F2A4563C58B1}
		{0CED9871-0CEA-3960-9E8E-8AD580FE74FE} = {0CED9871-0CEA-3960-9E8E-8AD580FE74FE}
	EndProjectSection
EndProject
Project("{8BC9CEB8-8B4A-11D0-8D11-00A0C91BC942}") = "vJoyDevice", "ControllersPlugins\SOURCES\vJoyDevice\vJoyDevice.vcxproj", "{B93287C4-03DE-3ACF-963D-50AB2B56518C}"
	ProjectSection(ProjectDependencies) = postProject
		{436DDC39-FCE4-353F-BB74-F2A4563C58B1} = {436DDC39-FCE4-353F-BB74-F2A4563C58B1}
		{0CED9871-0CEA-3960-9E8E-8AD580FE74FE} = {0CED9871-0CEA-3960-9E8E-8AD580FE74FE}
	EndProjectSection
EndProject
Project("{2150E333-8FDC-42A3-9474-1A3956D46DE8}") = "Controller Plugins", "Controller Plugins", "{69A5AA68-E372-4FC4-8359-7E6E19976BDB}"
EndProject
Project("{8BC9CEB8-8B4A-11D0-8D11-00A0C91BC942}") = "monitoring0", "Monitoring0\monitoring0.vcxproj", "{A5A1B919-7559-324D-9085-BDBAA41A8C64}"
	ProjectSection(ProjectDependencies) = postProject
		{0CED9871-0CEA-3960-9E8E-8AD580FE74FE} = {0CED9871-0CEA-3960-9E8E-8AD580FE74FE}
	EndProjectSection
EndProject
Project("{8BC9CEB8-8B4A-11D0-8D11-00A0C91BC942}") = "monitoring1", "Monitoring1\monitoring1.vcxproj", "{479273BE-CFE4-3E04-923A-56693FE0063F}"
	ProjectSection(ProjectDependencies) = postProject
		{436DDC39-FCE4-353F-BB74-F2A4563C58B1} = {436DDC39-FCE4-353F-BB74-F2A4563C58B1}
		{0CED9871-0CEA-3960-9E8E-8AD580FE74FE} = {0CED9871-0CEA-3960-9E8E-8AD580FE74FE}
	EndProjectSection
EndProject
Project("{8BC9CEB8-8B4A-11D0-8D11-00A0C91BC942}") = "monitoring2", "Monitoring2\monitoring2.vcxproj", "{47F71A3C-29C0-3DEC-B48E-12987CE07C6D}"
	ProjectSection(ProjectDependencies) = postProject
		{436DDC39-FCE4-353F-BB74-F2A4563C58B1} = {436DDC39-FCE4-353F-BB74-F2A4563C58B1}
		{0CED9871-0CEA-3960-9E8E-8AD580FE74FE} = {0CED9871-0CEA-3960-9E8E-8AD580FE74FE}
	EndProjectSection
EndProject
Project("{2150E333-8FDC-42A3-9474-1A3956D46DE8}") = "Tools", "Tools", "{C5C075B4-ABB9-4AD2-BA9F-B8A25E605339}"
EndProject
Project("{8BC9CEB8-8B4A-11D0-8D11-00A0C91BC942}") = "ujps_console", "UjpsMainApp\ujps_console.vcxproj", "{80B30D7C-A0FD-3E9F-9B51-AA65CDDBE2C1}"
	ProjectSection(ProjectDependencies) = postProject
		{93093011-30D1-3C25-8D92-C8A3A96020BA} = {93093011-30D1-3C25-8D92-C8A3A96020BA}
		{0CED9871-0CEA-3960-9E8E-8AD580FE74FE} = {0CED9871-0CEA-3960-9E8E-8AD580FE74FE}
		{C5986DA4-D4A1-3AC9-B720-86128D191DBE} = {C5986DA4-D4A1-3AC9-B720-86128D191DBE}
	EndProjectSection
EndProject
Project("{8BC9CEB8-8B4A-11D0-8D11-00A0C91BC942}") = "ujps", "UjpsMainApp\ujps.vcxproj", "{50748543-7D95-3F4D-89F5-08E1552CBE7C}"
	ProjectSection(ProjectDependencies) = postProject
		{93093011-30D1-3C25-8D92-C8A3A96020BA} = {93093011-30D1-3C25-8D92-C8A3A96020BA}
		{0CED9871-0CEA-3960-9E8E-8AD580FE74FE} = {0CED9871-0CEA-3960-9E8E-8AD580FE74FE}
		{C5986DA4-D4A1-3AC9-B720-86128D191DBE} = {C5986DA4-D4A1-3AC9-B720-86128D191DBE}
	EndProjectSection
EndProject
Project("{8BC9CEB8-8B4A-11D0-8D11-00A0C91BC942}") = "axesCurves", "AxesCurves\axesCurves.vcxproj", "{B9A527A1-99AB-3B6F-8123-D3DE58636807}"
	ProjectSection(ProjectDependencies) = postProject
		{436DDC39-FCE4-353F-BB74-F2A4563C58B1} = {436DDC39-FCE4-353F-BB74-F2A4563C58B1}
		{0CED9871-0CEA-3960-9E8E-8AD580FE74FE} = {0CED9871-0CEA-3960-9E8E-8AD580FE74FE}
	EndProjectSection
EndProject
Project("{8BC9CEB8-8B4A-11D0-8D11-00A0C91BC942}") = "StarCitizen_vs2017", "Profiles\StarCitizen_vs2017\StarCitizen_vs2017.vcxproj", "{E59946E9-AA9C-3D38-BE59-E9423102E4E3}"
	ProjectSection(ProjectDependencies) = postProject
		{93093011-30D1-3C25-8D92-C8A3A96020BA} = {93093011-30D1-3C25-8D92-C8A3A96020BA}
		{436DDC39-FCE4-353F-BB74-F2A4563C58B1} = {436DDC39-FCE4-353F-BB74-F2A4563C58B1}
		{0CED9871-0CEA-3960-9E8E-8AD580FE74FE} = {0CED9871-0CEA-3960-9E8E-8AD580FE74FE}
		{C5986DA4-D4A1-3AC9-B720-86128D191DBE} = {C5986DA4-D4A1-3AC9-B720-86128D191DBE}
		{B93287C4-03DE-3ACF-963D-50AB2B56518C} = {B93287C4-03DE-3ACF-963D-50AB2B56518C}
	EndProjectSection
EndProject
Global
	GlobalSection(SolutionConfigurationPlatforms) = preSolution
		Debug|x64 = Debug|x64
		Release|x64 = Release|x64
	EndGlobalSection
	GlobalSection(ProjectConfigurationPlatforms) = postSolution
		{F8FBE52D-AAAB-337D-BD9E-73F1AC7E3576}.Debug|x64.ActiveCfg = Debug|x64
		{F8FBE52D-AAAB-337D-BD9E-73F1AC7E3576}.Debug|x64.Build.0 = Debug|x64
		{F8FBE52D-AAAB-337D-BD9E-73F1AC7E3576}.Release|x64.ActiveCfg = Release|x64
		{F8FBE52D-AAAB-337D-BD9E-73F1AC7E3576}.Release|x64.Build.0 = Release|x64
		{0CED9871-0CEA-3960-9E8E-8AD580FE74FE}.Debug|x64.ActiveCfg = Debug|x64
		{0CED9871-0CEA-3960-9E8E-8AD580FE74FE}.Debug|x64.Build.0 = Debug|x64
		{0CED9871-0CEA-3960-9E8E-8AD580FE74FE}.Release|x64.ActiveCfg = Release|x64
		{0CED9871-0CEA-3960-9E8E-8AD580FE74FE}.Release|x64.Build.0 = Release|x64
		{436DDC39-FCE4-353F-BB74-F2A4563C58B1}.Debug|x64.ActiveCfg = Debug|x64
		{436DDC39-FCE4-353F-BB74-F2A4563C58B1}.Debug|x64.Build.0 = Debug|x64
		{436DDC39-FCE4-353F-BB74-F2A4563C58B1}.Release|x64.ActiveCfg = Release|x64
		{436DDC39-FCE4-353F-BB74-F2A4563C58B1}.Release|x64.Build.0 = Release|x64
		{93093011-30D1-3C25-8D92-C8A3A96020BA}.Debug|x64.ActiveCfg = Debug|x64
		{93093011-30D1-3C25-8D92-C8A3A96020BA}.Debug|x64.Build.0 = Debug|x64
		{93093011-30D1-3C25-8D92-C8A3A96020BA}.Release|x64.ActiveCfg = Release|x64
		{93093011-30D1-3C25-8D92-C8A3A96020BA}.Release|x64.Build.0 = Release|x64
		{C5986DA4-D4A1-3AC9-B720-86128D191DBE}.Debug|x64.ActiveCfg = Debug|x64
		{C5986DA4-D4A1-3AC9-B720-86128D191DBE}.Debug|x64.Build.0 = Debug|x64
		{C5986DA4-D4A1-3AC9-B720-86128D191DBE}.Release|x64.ActiveCfg = Release|x64
		{C5986DA4-D4A1-3AC9-B720-86128D191DBE}.Release|x64.Build.0 = Release|x64
		{AC787E23-4E86-387C-8093-4DEFA808DCF9}.Debug|x64.ActiveCfg = Debug|x64
		{AC787E23-4E86-387C-8093-4DEFA808DCF9}.Debug|x64.Build.0 = Debug|x64
		{AC787E23-4E86-387C-8093-4DEFA808DCF9}.Release|x64.ActiveCfg = Release|x64
		{AC787E23-4E86-387C-8093-4DEFA808DCF9}.Release|x64.Build.0 = Release|x64
		{657CAC85-891F-3325-89F0-D1FE0F9E52F9}.Debug|x64.ActiveCfg = Debug|x64
		{657CAC85-891F-3325-89F0-D1FE0F9E52F9}.Debug|x64.Build.0 = Debug|x64
		{657CAC85-891F-3325-89F0-D1FE0F9E52F9}.Release|x64.ActiveCfg = Release|x64
		{657CAC85-891F-3325-89F0-D1FE0F9E52F9}.Release|x64.Build.0 = Release|x64
		{4A927388-E6AF-3265-A4E7-9C1A47249C2C}.Debug|x64.ActiveCfg = Debug|x64
		{4A927388-E6AF-3265-A4E7-9C1A47249C2C}.Debug|x64.Build.0 = Debug|x64
		{4A927388-E6AF-3265-A4E7-9C1A47249C2C}.Release|x64.ActiveCfg = Release|x64
		{4A927388-E6AF-3265-A4E7-9C1A47249C2C}.Release|x64.Build.0 = Release|x64
		{56726D07-5C6D-3759-B35A-1AAF944A1E6B}.Debug|x64.ActiveCfg = Debug|x64
		{56726D07-5C6D-3759-B35A-1AAF944A1E6B}.Debug|x64.Build.0 = Debug|x64
		{56726D07-5C6D-3759-B35A-1AAF944A1E6B}.Release|x64.ActiveCfg = Release|x64
		{56726D07-5C6D-3759-B35A-1AAF944A1E6B}.Release|x64.Build.0 = Release|x64
		{49984B56-9059-379D-A5E9-3C9C90C36A38}.Debug|x64.ActiveCfg = Debug|x64
		{49984B56-9059-379D-A5E9-3C9C90C36A38}.Debug|x64.Build.0 = Debug|x64
		{49984B56-9059-379D-A5E9-3C9C90C36A38}.Release|x64.ActiveCfg = Release|x64
		{49984B56-9059-379D-A5E9-3C9C90C36A38}.Release|x64.Build.0 = Release|x64
		{6B1621F0-E82E-3E5B-BB5A-72085A32DE55}.Debug|x64.ActiveCfg = Debug|x64
		{6B1621F0-E82E-3E5B-BB5A-72085A32DE55}.Debug|x64.Build.0 = Debug|x64
		{6B1621F0-E82E-3E5B-BB5A-72085A32DE55}.Release|x64.ActiveCfg = Release|x64
		{6B1621F0-E82E-3E5B-BB5A-72085A32DE55}.Release|x64.Build.0 = Release|x64
		{C7A3354E-3890-355B-BD4B-EB834F62165B}.Debug|x64.ActiveCfg = Debug|x64
		{C7A3354E-3890-355B-BD4B-EB834F62165B}.Debug|x64.Build.0 = Debug|x64
		{C7A3354E-3890-355B-BD4B-EB834F62165B}.Release|x64.ActiveCfg = Release|x64
		{C7A3354E-3890-355B-BD4B-EB834F62165B}.Release|x64.Build.0 = Release|x64
		{B93287C4-03DE-3ACF-963D-50AB2B56518C}.Debug|x64.ActiveCfg = Debug|x64
		{B93287C4-03DE-3ACF-963D-50AB2B56518C}.Debug|x64.Build.0 = Debug|x64
		{B93287C4-03DE-3ACF-963D-50AB2B56518C}.Release|x64.ActiveCfg = Release|x64
		{B93287C4-03DE-3ACF-963D-50AB2B56518C}.Release|x64.Build.0 = Release|x64
		{A5A1B919-7559-324D-9085-BDBAA41A8C64}.Debug|x64.ActiveCfg = Debug|x64
		{A5A1B919-7559-324D-9085-BDBAA41A8C64}.Debug|x64.Build.0 = Debug|x64
		{A5A1B919-7559-324D-9085-BDBAA41A8C64}.Release|x64.ActiveCfg = Release|x64
		{A5A1B919-7559-324D-9085-BDBAA41A8C64}.Release|x64.Build.0 = Release|x64
		{479273BE-CFE4-3E04-923A-56693FE0063F}.Debug|x64.ActiveCfg = Debug|x64
		{479273BE-CFE4-3E04-923A-56693FE0063F}.Debug|x64.Build.0 = Debug|x64
		{479273BE-CFE4-3E04-923A-56693FE0063F}.Release|x64.ActiveCfg = Release|x64
		{479273BE-CFE4-3E04-923A-56693FE0063F}.Release|x64.Build.0 = Release|x64
		{47F71A3C-29C0-3DEC-B48E-12987CE07C6D}.Debug|x64.ActiveCfg = Debug|x64
		{47F71A3C-29C0-3DEC-B48E-12987CE07C6D}.Debug|x64.Build.0 = Debug|x64
		{47F71A3C-29C0-3DEC-B48E-12987CE07C6D}.Release|x64.ActiveCfg = Release|x64
		{47F71A3C-29C0-3DEC-B48E-12987CE07C6D}.Release|x64.Build.0 = Release|x64
		{80B30D7C-A0FD-3E9F-9B51-AA65CDDBE2C1}.Debug|x64.ActiveCfg = Debug|x64
		{80B30D7C-A0FD-3E9F-9B51-AA65CDDBE2C1}.Debug|x64.Build.0 = Debug|x64
		{80B30D7C-A0FD-3E9F-9B51-AA65CDDBE2C1}.Release|x64.ActiveCfg = Release|x64
		{80B30D7C-A0FD-3E9F-9B51-AA65CDDBE2C1}.Release|x64.Build.0 = Release|x64
		{50748543-7D95-3F4D-89F5-08E1552CBE7C}.Debug|x64.ActiveCfg = Debug|x64
		{50748543-7D95-3F4D-89F5-08E1552CBE7C}.Debug|x64.Build.0 = Debug|x64
		{50748543-7D95-3F4D-89F5-08E1552CBE7C}.Release|x64.ActiveCfg = Release|x64
		{50748543-7D95-3F4D-89F5-08E1552CBE7C}.Release|x64.Build.0 = Release|x64
		{B9A527A1-99AB-3B6F-8123-D3DE58636807}.Debug|x64.ActiveCfg = Debug|x64
		{B9A527A1-99AB-3B6F-8123-D3DE58636807}.Debug|x64.Build.0 = Debug|x64
		{B9A527A1-99AB-3B6F-8123-D3DE58636807}.Release|x64.ActiveCfg = Release|x64
		{B9A527A1-99AB-3B6F-8123-D3DE58636807}.Release|x64.Build.0 = Release|x64
		{E59946E9-AA9C-3D38-BE59-E9423102E4E3}.Debug|x64.ActiveCfg = Debug|x64
		{E59946E9-AA9C-3D38-BE59-E9423102E4E3}.Debug|x64.Build.0 = Debug|x64
		{E59946E9-AA9C-3D38-BE59-E9423102E4E3}.Release|x64.ActiveCfg = Release|x64
		{E59946E9-AA9C-3D38-BE59-E9423102E4E3}.Release|x64.Build.0 = Release|x64
	EndGlobalSection
	GlobalSection(SolutionProperties) = preSolution
		HideSolutionNode = FALSE
	EndGlobalSection
	GlobalSection(NestedProjects) = preSolution
		{F8FBE52D-AAAB-337D-BD9E-73F1AC7E3576} = {3F00024D-638C-445F-95E5-E38E66AE2D07}
		{0CED9871-0CEA-3960-9E8E-8AD580FE74FE} = {3F00024D-638C-445F-95E5-E38E66AE2D07}
		{436DDC39-FCE4-353F-BB74-F2A4563C58B1} = {3F00024D-638C-445F-95E5-E38E66AE2D07}
		{93093011-30D1-3C25-8D92-C8A3A96020BA} = {3F00024D-638C-445F-95E5-E38E66AE2D07}
		{C5986DA4-D4A1-3AC9-B720-86128D191DBE} = {3F00024D-638C-445F-95E5-E38E66AE2D07}
		{AC787E23-4E86-387C-8093-4DEFA808DCF9} = {69A5AA68-E372-4FC4-8359-7E6E19976BDB}
		{657CAC85-891F-3325-89F0-D1FE0F9E52F9} = {69A5AA68-E372-4FC4-8359-7E6E19976BDB}
		{4A927388-E6AF-3265-A4E7-9C1A47249C2C} = {69A5AA68-E372-4FC4-8359-7E6E19976BDB}
		{56726D07-5C6D-3759-B35A-1AAF944A1E6B} = {69A5AA68-E372-4FC4-8359-7E6E19976BDB}
		{49984B56-9059-379D-A5E9-3C9C90C36A38} = {69A5AA68-E372-4FC4-8359-7E6E19976BDB}
		{6B1621F0-E82E-3E5B-BB5A-72085A32DE55} = {69A5AA68-E372-4FC4-8359-7E6E19976BDB}
		{C7A3354E-3890-355B-BD4B-EB834F62165B} = {69A5AA68-E372-4FC4-8359-7E6E19976BDB}
		{B93287C4-03DE-3ACF-963D-50AB2B56518C} = {69A5AA68-E372-4FC4-8359-7E6E19976BDB}
		{69A5AA68-E372-4FC4-8359-7E6E19976BDB} = {C5C075B4-ABB9-4AD2-BA9F-B8A25E605339}
		{A5A1B919-7559-324D-9085-BDBAA41A8C64} = {C5C075B4-ABB9-4AD2-BA9F-B8A25E605339}
		{479273BE-CFE4-3E04-923A-56693FE0063F} = {C5C075B4-ABB9-4AD2-BA9F-B8A25E605339}
		{47F71A3C-29C0-3DEC-B48E-12987CE07C6D} = {C5C075B4-ABB9-4AD2-BA9F-B8A25E605339}
		{B9A527A1-99AB-3B6F-8123-D3DE58636807} = {C5C075B4-ABB9-4AD2-BA9F-B8A25E605339}
	EndGlobalSection
	GlobalSection(ExtensibilityGlobals) = postSolution
		SolutionGuid = {984DF7B3-4E22-4E06-8EA3-83EA151B9EA0}
	EndGlobalSection
EndGlobal
