<?xml version="1.0" encoding="utf-8"?>
<Project xmlns="http://schemas.microsoft.com/developer/msbuild/2003">
  <ItemGroup>
    <Filter Include="Generated Files">
      <UniqueIdentifier>{71ED8ED8-ACB9-4CE9-BBE1-E00B30144E11}</UniqueIdentifier>
      <Extensions>cpp;c;cxx;moc;h;def;odl;idl;res;</Extensions>
    </Filter>
    <Filter Include="Generated Files">
      <UniqueIdentifier>{71ED8ED8-ACB9-4CE9-BBE1-E00B30144E11}</UniqueIdentifier>
      <Extensions>cpp;c;cxx;moc;h;def;odl;idl;res;</Extensions>
    </Filter>
    <Filter Include="Header Files">
      <UniqueIdentifier>{93995380-89BD-4b04-88EB-625FBE52EBFB}</UniqueIdentifier>
      <Extensions>h;hpp;hxx;hm;inl;inc;xsd</Extensions>
    </Filter>
    <Filter Include="Header Files">
      <UniqueIdentifier>{93995380-89BD-4b04-88EB-625FBE52EBFB}</UniqueIdentifier>
      <Extensions>h;hpp;hxx;hm;inl;inc;xsd</Extensions>
    </Filter>
    <Filter Include="Resource Files">
      <UniqueIdentifier>{D9D6E242-F8AF-46E4-B9FD-80ECBC20BA3E}</UniqueIdentifier>
      <Extensions>qrc;*</Extensions>
      <ParseFiles>false</ParseFiles>
    </Filter>
    <Filter Include="Resource Files">
      <UniqueIdentifier>{D9D6E242-F8AF-46E4-B9FD-80ECBC20BA3E}</UniqueIdentifier>
      <Extensions>qrc;*</Extensions>
      <ParseFiles>false</ParseFiles>
    </Filter>
    <Filter Include="Source Files">
      <UniqueIdentifier>{4FC737F1-C7A5-4376-A066-2A32D752A2FF}</UniqueIdentifier>
      <Extensions>cpp;c;cxx;def;odl;idl;hpj;bat;asm;asmx</Extensions>
    </Filter>
    <Filter Include="Source Files">
      <UniqueIdentifier>{4FC737F1-C7A5-4376-A066-2A32D752A2FF}</UniqueIdentifier>
      <Extensions>cpp;c;cxx;def;odl;idl;hpj;bat;asm;asmx</Extensions>
    </Filter>
  </ItemGroup>
  <ItemGroup>
    <ClCompile Include="CODE\XML\AbstractXmlInfo.cpp">
      <Filter>Source Files</Filter>
    </ClCompile>
    <ClCompile Include="CODE\SETTINGS\ApplicationSettings.cpp">
      <Filter>Source Files</Filter>
    </ClCompile>
    <ClCompile Include="CODE\COMPILER\CompilationWidget.cpp">
      <Filter>Source Files</Filter>
    </ClCompile>
    <ClCompile Include="CODE\SETTINGS\GeneralSettingsWidget.cpp">
      <Filter>Source Files</Filter>
    </ClCompile>
    <ClCompile Include="CODE\XML\GenericPropertiesInfo.cpp">
      <Filter>Source Files</Filter>
    </ClCompile>
    <ClCompile Include="CODE\HMI\MainWindow.cpp">
      <Filter>Source Files</Filter>
    </ClCompile>
    <ClCompile Include="CODE\SETTINGS\MyFileDialog.cpp">
      <Filter>Source Files</Filter>
    </ClCompile>
    <ClCompile Include="CODE\ProfileEngine.cpp">
      <Filter>Source Files</Filter>
    </ClCompile>
    <ClCompile Include="CODE\COMPILER\QtCompilationProcess.cpp">
      <Filter>Source Files</Filter>
    </ClCompile>
    <ClCompile Include="CODE\COMPILER\QtCompiler.cpp">
      <Filter>Source Files</Filter>
    </ClCompile>
    <ClCompile Include="CODE\SETTINGS\SettingsDialog.cpp">
      <Filter>Source Files</Filter>
    </ClCompile>
    <ClCompile Include="CODE\HMI\TextEdit.cpp">
      <Filter>Source Files</Filter>
    </ClCompile>
    <ClCompile Include="CODE\SETTINGS\VJoySettingsWidget.cpp">
      <Filter>Source Files</Filter>
    </ClCompile>
    <ClCompile Include="CODE\XML\XmlValidationMessageHandler.cpp">
      <Filter>Source Files</Filter>
    </ClCompile>
    <ClCompile Include="CODE\main.cpp">
      <Filter>Source Files</Filter>
    </ClCompile>
    <ClCompile Include="CODE\otherFunctions.cpp">
      <Filter>Source Files</Filter>
    </ClCompile>
  </ItemGroup>
  <ItemGroup>
    <QtMoc Include="CODE\COMPILER\AbstractCompiler.h">
      <Filter>Header Files</Filter>
    </QtMoc>
    <QtMoc Include="CODE\SETTINGS\AbstractSettingsWidget.h">
      <Filter>Header Files</Filter>
    </QtMoc>
    <ClInclude Include="CODE\XML\AbstractXmlInfo.h">
      <Filter>Header Files</Filter>
    </ClInclude>
    <ClInclude Include="CODE\SETTINGS\ApplicationSettings.h">
      <Filter>Header Files</Filter>
    </ClInclude>
    <QtMoc Include="CODE\COMPILER\CompilationWidget.h">
      <Filter>Header Files</Filter>
    </QtMoc>
    <QtMoc Include="CODE\SETTINGS\GeneralSettingsWidget.h">
      <Filter>Header Files</Filter>
    </QtMoc>
    <ClInclude Include="CODE\XML\GenericPropertiesInfo.h">
      <Filter>Header Files</Filter>
    </ClInclude>
    <QtMoc Include="CODE\HMI\MainWindow.h">
      <Filter>Header Files</Filter>
    </QtMoc>
    <ClInclude Include="CODE\SETTINGS\MyFileDialog.h">
      <Filter>Header Files</Filter>
    </ClInclude>
    <QtMoc Include="CODE\ProfileEngine.h">
      <Filter>Header Files</Filter>
    </QtMoc>
    <QtMoc Include="CODE\COMPILER\QtCompilationProcess.h">
      <Filter>Header Files</Filter>
    </QtMoc>
    <QtMoc Include="CODE\COMPILER\QtCompiler.h">
      <Filter>Header Files</Filter>
    </QtMoc>
    <QtMoc Include="CODE\SETTINGS\SettingsDialog.h">
      <Filter>Header Files</Filter>
    </QtMoc>
    <QtMoc Include="CODE\HMI\TextEdit.h">
      <Filter>Header Files</Filter>
    </QtMoc>
    <QtMoc Include="CODE\SETTINGS\VJoySettingsWidget.h">
      <Filter>Header Files</Filter>
    </QtMoc>
    <ClInclude Include="CODE\XML\XmlValidationMessageHandler.h">
      <Filter>Header Files</Filter>
    </ClInclude>
  </ItemGroup>
  <ItemGroup>
    
    
    
    
    
    
    
    
    
    
    
    
    
    
    
    
    
    
    
    
    
    
    <CustomBuild Include="debug\moc\moc_predefs.h.cbt">
      <Filter>Generated Files</Filter>
    </CustomBuild>
    <CustomBuild Include="release\moc\moc_predefs.h.cbt">
      <Filter>Generated Files</Filter>
    </CustomBuild>
    
    
  </ItemGroup>
  <ItemGroup>
    <None Include="RESOURCES\ICONES\compilation.png">
      <Filter>Resource Files</Filter>
    </None>
    <None Include="RESOURCES\ICONES\copy.png">
      <Filter>Resource Files</Filter>
    </None>
    <None Include="RESOURCES\ICONES\corbeille.png">
      <Filter>Resource Files</Filter>
    </None>
    <None Include="RESOURCES\ICONES\eject.png">
      <Filter>Resource Files</Filter>
    </None>
    <None Include="RESOURCES\ICONES\gamepad.png">
      <Filter>Resource Files</Filter>
    </None>
    <None Include="RESOURCES\XSD\genericProperties.xsd">
      <Filter>Resource Files</Filter>
    </None>
    <None Include="RESOURCES\ICONES\outils.png">
      <Filter>Resource Files</Filter>
    </None>
    <None Include="RESOURCES\ICONES\play.png">
      <Filter>Resource Files</Filter>
    </None>
    <QtRcc Include="resources.qrc">
      <Filter>Resource Files</Filter>
    </QtRcc>
    <None Include="RESOURCES\ICONES\select.png">
      <Filter>Resource Files</Filter>
    </None>
    <None Include="RESOURCES\ICONES\stop.png">
      <Filter>Resource Files</Filter>
    </None>
  </ItemGroup>
  <ItemGroup>
    <ResourceCompile Include="icone.rc" />
  </ItemGroup>
</Project>