<?xml version="1.0" encoding="utf-8"?>
<Project ToolsVersion="4.0" xmlns="http://schemas.microsoft.com/developer/msbuild/2003">
  <ItemGroup>
    <Filter Include="Peripherals">
      <UniqueIdentifier>{b7134a24-f1a9-43b2-adfd-e027fe85ce1c}</UniqueIdentifier>
    </Filter>
  </ItemGroup>
  <ItemGroup>
    <ClInclude Include="..\..\ControllersPlugins\INCLUDES\SaitekProFlightCombatRudderPedals.h">
      <Filter>Peripherals</Filter>
    </ClInclude>
    <ClInclude Include="..\..\ControllersPlugins\INCLUDES\ThrustmasterWarthogThrottle.h">
      <Filter>Peripherals</Filter>
    </ClInclude>
    <ClInclude Include="..\..\ControllersPlugins\INCLUDES\vJoyDevice.h">
      <Filter>Peripherals</Filter>
    </ClInclude>
    <ClInclude Include="CODE\StarCitizenControls.h" />
  </ItemGroup>
  <ItemGroup>
    <ClCompile Include="CODE\Profile.cpp" />
  </ItemGroup>
  <ItemGroup>
    <QtMoc Include="CODE\Profile.h" />
  </ItemGroup>
</Project>