<?xml version="1.0" encoding="utf-8"?>
<Project ToolsVersion="4.0" xmlns="http://schemas.microsoft.com/developer/msbuild/2003">
  <ItemGroup>
    <Filter Include="Peripherals">
      <UniqueIdentifier>{b7134a24-f1a9-43b2-adfd-e027fe85ce1c}</UniqueIdentifier>
    </Filter>
    <Filter Include="Source Files">
      <UniqueIdentifier>{4FC737F1-C7A5-4376-A066-2A32D752A2FF}</UniqueIdentifier>
      <Extensions>cpp;c;cc;cxx;def;odl;idl;hpj;bat;asm;asmx</Extensions>
      <ParseFiles>true</ParseFiles>
    </Filter>
  </ItemGroup>
  <ItemGroup>
    <ClInclude Include="..\..\ControllersPlugins\INCLUDES\SaitekProFlightCombatRudderPedals.h">
      <Filter>Peripherals</Filter>
    </ClInclude>
    <ClInclude Include="..\..\ControllersPlugins\INCLUDES\ThrustmasterWarthogThrottle.h">
      <Filter>Peripherals</Filter>
    </ClInclude>
    <ClInclude Include="..\..\ControllersPlugins\INCLUDES\vJoyDevice.h">
      <Filter>Peripherals</Filter>
    </ClInclude>
    <ClInclude Include="CODE\StarCitizenControls.h" />
    <ClInclude Include="..\..\ControllersPlugins\INCLUDES\LogitechG13.h">
      <Filter>Peripherals</Filter>
    </ClInclude>
    <ClInclude Include="..\..\ControllersPlugins\INCLUDES\VkbMcgProJoystick.h">
      <Filter>Peripherals</Filter>
    </ClInclude>
    <ClInclude Include="..\..\ControllersPlugins\INCLUDES\VirpilMongoost50Throttle.h">
      <Filter>Peripherals</Filter>
    </ClInclude>
  </ItemGroup>
  <ItemGroup>
    <QtMoc Include="CODE\Profile.h" />
  </ItemGroup>
  <ItemGroup>
    <ClCompile Include="CODE\Profile.cpp">
      <Filter>Source Files</Filter>
    </ClCompile>
  </ItemGroup>
</Project>